// !$*UTF8*$!
{
	archiveVersion = 1;
	classes = {
	};
	objectVersion = 77;
	objects = {

/* Begin PBXBuildFile section */
		F8EB856A2E7E87E1006A0972 /* yourhome.icon in Resources */ = {isa = PBXBuildFile; fileRef = F8EB85692E7E87E1006A0972 /* yourhome.icon */; };
		F8EB85722E7F1E94006A0972 /* Kingfisher in Frameworks */ = {isa = PBXBuildFile; productRef = F8EB85712E7F1E94006A0972 /* Kingfisher */; };
/* End PBXBuildFile section */

/* Begin PBXContainerItemProxy section */
		F8EB853F2E7E798D006A0972 /* PBXContainerItemProxy */ = {
			isa = PBXContainerItemProxy;
			containerPortal = F8EB85292E7E798B006A0972 /* Project object */;
			proxyType = 1;
			remoteGlobalIDString = F8EB85302E7E798B006A0972;
			remoteInfo = YourHome;
		};
		F8EB85492E7E798D006A0972 /* PBXContainerItemProxy */ = {
			isa = PBXContainerItemProxy;
			containerPortal = F8EB85292E7E798B006A0972 /* Project object */;
			proxyType = 1;
			remoteGlobalIDString = F8EB85302E7E798B006A0972;
			remoteInfo = YourHome;
		};
/* End PBXContainerItemProxy section */

/* Begin PBXFileReference section */
		F8EB85312E7E798B006A0972 /* YourHome.app */ = {isa = PBXFileReference; explicitFileType = wrapper.application; includeInIndex = 0; path = YourHome.app; sourceTree = BUILT_PRODUCTS_DIR; };
		F8EB853E2E7E798D006A0972 /* YourHomeTests.xctest */ = {isa = PBXFileReference; explicitFileType = wrapper.cfbundle; includeInIndex = 0; path = YourHomeTests.xctest; sourceTree = BUILT_PRODUCTS_DIR; };
		F8EB85482E7E798D006A0972 /* YourHomeUITests.xctest */ = {isa = PBXFileReference; explicitFileType = wrapper.cfbundle; includeInIndex = 0; path = YourHomeUITests.xctest; sourceTree = BUILT_PRODUCTS_DIR; };
		F8EB85692E7E87E1006A0972 /* yourhome.icon */ = {isa = PBXFileReference; lastKnownFileType = folder.iconcomposer.icon; path = yourhome.icon; sourceTree = "<group>"; };
/* End PBXFileReference section */

/* Begin PBXFileSystemSynchronizedRootGroup section */
		F8EB85332E7E798B006A0972 /* YourHome */ = {
			isa = PBXFileSystemSynchronizedRootGroup;
			path = YourHome;
			sourceTree = "<group>";
		};
		F8EB85412E7E798D006A0972 /* YourHomeTests */ = {
			isa = PBXFileSystemSynchronizedRootGroup;
			path = YourHomeTests;
			sourceTree = "<group>";
		};
		F8EB854B2E7E798D006A0972 /* YourHomeUITests */ = {
			isa = PBXFileSystemSynchronizedRootGroup;
			path = YourHomeUITests;
			sourceTree = "<group>";
		};
/* End PBXFileSystemSynchronizedRootGroup section */

/* Begin PBXFrameworksBuildPhase section */
		F8EB852E2E7E798B006A0972 /* Frameworks */ = {
			isa = PBXFrameworksBuildPhase;
			buildActionMask = 2147483647;
			files = (
				F8EB85722E7F1E94006A0972 /* Kingfisher in Frameworks */,
			);
			runOnlyForDeploymentPostprocessing = 0;
		};
		F8EB853B2E7E798D006A0972 /* Frameworks */ = {
			isa = PBXFrameworksBuildPhase;
			buildActionMask = 2147483647;
			files = (
			);
			runOnlyForDeploymentPostprocessing = 0;
		};
		F8EB85452E7E798D006A0972 /* Frameworks */ = {
			isa = PBXFrameworksBuildPhase;
			buildActionMask = 2147483647;
			files = (
			);
			runOnlyForDeploymentPostprocessing = 0;
		};
/* End PBXFrameworksBuildPhase section */

/* Begin PBXGroup section */
		F8EB85282E7E798B006A0972 = {
			isa = PBXGroup;
			children = (
				F8EB85332E7E798B006A0972 /* YourHome */,
				F8EB85412E7E798D006A0972 /* YourHomeTests */,
				F8EB854B2E7E798D006A0972 /* YourHomeUITests */,
				F8EB85322E7E798B006A0972 /* Products */,
				F8EB85692E7E87E1006A0972 /* yourhome.icon */,
				F8EB85702E7F1E94006A0972 /* Frameworks */,
			);
			sourceTree = "<group>";
		};
		F8EB85322E7E798B006A0972 /* Products */ = {
			isa = PBXGroup;
			children = (
				F8EB85312E7E798B006A0972 /* YourHome.app */,
				F8EB853E2E7E798D006A0972 /* YourHomeTests.xctest */,
				F8EB85482E7E798D006A0972 /* YourHomeUITests.xctest */,
			);
			name = Products;
			sourceTree = "<group>";
		};
		F8EB85702E7F1E94006A0972 /* Frameworks */ = {
			isa = PBXGroup;
			children = (
			);
			name = Frameworks;
			sourceTree = "<group>";
		};
/* End PBXGroup section */

/* Begin PBXNativeTarget section */
		F8EB85302E7E798B006A0972 /* YourHome */ = {
			isa = PBXNativeTarget;
			buildConfigurationList = F8EB85522E7E798D006A0972 /* Build configuration list for PBXNativeTarget "YourHome" */;
			buildPhases = (
				F8EB852D2E7E798B006A0972 /* Sources */,
				F8EB852E2E7E798B006A0972 /* Frameworks */,
				F8EB852F2E7E798B006A0972 /* Resources */,
			);
			buildRules = (
			);
			dependencies = (
			);
			fileSystemSynchronizedGroups = (
				F8EB85332E7E798B006A0972 /* YourHome */,
			);
			name = YourHome;
			packageProductDependencies = (
				F8EB85712E7F1E94006A0972 /* Kingfisher */,
			);
			productName = YourHome;
			productReference = F8EB85312E7E798B006A0972 /* YourHome.app */;
			productType = "com.apple.product-type.application";
		};
		F8EB853D2E7E798D006A0972 /* YourHomeTests */ = {
			isa = PBXNativeTarget;
			buildConfigurationList = F8EB85552E7E798D006A0972 /* Build configuration list for PBXNativeTarget "YourHomeTests" */;
			buildPhases = (
				F8EB853A2E7E798D006A0972 /* Sources */,
				F8EB853B2E7E798D006A0972 /* Frameworks */,
				F8EB853C2E7E798D006A0972 /* Resources */,
			);
			buildRules = (
			);
			dependencies = (
				F8EB85402E7E798D006A0972 /* PBXTargetDependency */,
			);
			fileSystemSynchronizedGroups = (
				F8EB85412E7E798D006A0972 /* YourHomeTests */,
			);
			name = YourHomeTests;
			packageProductDependencies = (
			);
			productName = YourHomeTests;
			productReference = F8EB853E2E7E798D006A0972 /* YourHomeTests.xctest */;
			productType = "com.apple.product-type.bundle.unit-test";
		};
		F8EB85472E7E798D006A0972 /* YourHomeUITests */ = {
			isa = PBXNativeTarget;
			buildConfigurationList = F8EB85582E7E798D006A0972 /* Build configuration list for PBXNativeTarget "YourHomeUITests" */;
			buildPhases = (
				F8EB85442E7E798D006A0972 /* Sources */,
				F8EB85452E7E798D006A0972 /* Frameworks */,
				F8EB85462E7E798D006A0972 /* Resources */,
			);
			buildRules = (
			);
			dependencies = (
				F8EB854A2E7E798D006A0972 /* PBXTargetDependency */,
			);
			fileSystemSynchronizedGroups = (
				F8EB854B2E7E798D006A0972 /* YourHomeUITests */,
			);
			name = YourHomeUITests;
			packageProductDependencies = (
			);
			productName = YourHomeUITests;
			productReference = F8EB85482E7E798D006A0972 /* YourHomeUITests.xctest */;
			productType = "com.apple.product-type.bundle.ui-testing";
		};
/* End PBXNativeTarget section */

/* Begin PBXProject section */
		F8EB85292E7E798B006A0972 /* Project object */ = {
			isa = PBXProject;
			attributes = {
				BuildIndependentTargetsInParallel = 1;
				LastSwiftUpdateCheck = 2600;
				LastUpgradeCheck = 2600;
				TargetAttributes = {
					F8EB85302E7E798B006A0972 = {
						CreatedOnToolsVersion = 26.0;
					};
					F8EB853D2E7E798D006A0972 = {
						CreatedOnToolsVersion = 26.0;
						TestTargetID = F8EB85302E7E798B006A0972;
					};
					F8EB85472E7E798D006A0972 = {
						CreatedOnToolsVersion = 26.0;
						TestTargetID = F8EB85302E7E798B006A0972;
					};
				};
			};
			buildConfigurationList = F8EB852C2E7E798B006A0972 /* Build configuration list for PBXProject "YourHome" */;
			developmentRegion = en;
			hasScannedForEncodings = 0;
			knownRegions = (
				en,
				Base,
			);
			mainGroup = F8EB85282E7E798B006A0972;
			minimizedProjectReferenceProxies = 1;
			packageReferences = (
				F8EB856F2E7F1D58006A0972 /* XCRemoteSwiftPackageReference "Kingfisher" */,
			);
			preferredProjectObjectVersion = 77;
			productRefGroup = F8EB85322E7E798B006A0972 /* Products */;
			projectDirPath = "";
			projectRoot = "";
			targets = (
				F8EB85302E7E798B006A0972 /* YourHome */,
				F8EB853D2E7E798D006A0972 /* YourHomeTests */,
				F8EB85472E7E798D006A0972 /* YourHomeUITests */,
			);
		};
/* End PBXProject section */

/* Begin PBXResourcesBuildPhase section */
		F8EB852F2E7E798B006A0972 /* Resources */ = {
			isa = PBXResourcesBuildPhase;
			buildActionMask = 2147483647;
			files = (
				F8EB856A2E7E87E1006A0972 /* yourhome.icon in Resources */,
			);
			runOnlyForDeploymentPostprocessing = 0;
		};
		F8EB853C2E7E798D006A0972 /* Resources */ = {
			isa = PBXResourcesBuildPhase;
			buildActionMask = 2147483647;
			files = (
			);
			runOnlyForDeploymentPostprocessing = 0;
		};
		F8EB85462E7E798D006A0972 /* Resources */ = {
			isa = PBXResourcesBuildPhase;
			buildActionMask = 2147483647;
			files = (
			);
			runOnlyForDeploymentPostprocessing = 0;
		};
/* End PBXResourcesBuildPhase section */

/* Begin PBXSourcesBuildPhase section */
		F8EB852D2E7E798B006A0972 /* Sources */ = {
			isa = PBXSourcesBuildPhase;
			buildActionMask = 2147483647;
			files = (
			);
			runOnlyForDeploymentPostprocessing = 0;
		};
		F8EB853A2E7E798D006A0972 /* Sources */ = {
			isa = PBXSourcesBuildPhase;
			buildActionMask = 2147483647;
			files = (
			);
			runOnlyForDeploymentPostprocessing = 0;
		};
		F8EB85442E7E798D006A0972 /* Sources */ = {
			isa = PBXSourcesBuildPhase;
			buildActionMask = 2147483647;
			files = (
			);
			runOnlyForDeploymentPostprocessing = 0;
		};
/* End PBXSourcesBuildPhase section */

/* Begin PBXTargetDependency section */
		F8EB85402E7E798D006A0972 /* PBXTargetDependency */ = {
			isa = PBXTargetDependency;
			target = F8EB85302E7E798B006A0972 /* YourHome */;
			targetProxy = F8EB853F2E7E798D006A0972 /* PBXContainerItemProxy */;
		};
		F8EB854A2E7E798D006A0972 /* PBXTargetDependency */ = {
			isa = PBXTargetDependency;
			target = F8EB85302E7E798B006A0972 /* YourHome */;
			targetProxy = F8EB85492E7E798D006A0972 /* PBXContainerItemProxy */;
		};
/* End PBXTargetDependency section */

/* Begin XCBuildConfiguration section */
		F8EB85502E7E798D006A0972 /* Debug */ = {
			isa = XCBuildConfiguration;
			buildSettings = {
				ALWAYS_SEARCH_USER_PATHS = NO;
				ASSETCATALOG_COMPILER_GENERATE_SWIFT_ASSET_SYMBOL_EXTENSIONS = YES;
				CLANG_ANALYZER_NONNULL = YES;
				CLANG_ANALYZER_NUMBER_OBJECT_CONVERSION = YES_AGGRESSIVE;
				CLANG_CXX_LANGUAGE_STANDARD = "gnu++20";
				CLANG_ENABLE_MODULES = YES;
				CLANG_ENABLE_OBJC_ARC = YES;
				CLANG_ENABLE_OBJC_WEAK = YES;
				CLANG_WARN_BLOCK_CAPTURE_AUTORELEASING = YES;
				CLANG_WARN_BOOL_CONVERSION = YES;
				CLANG_WARN_COMMA = YES;
				CLANG_WARN_CONSTANT_CONVERSION = YES;
				CLANG_WARN_DEPRECATED_OBJC_IMPLEMENTATIONS = YES;
				CLANG_WARN_DIRECT_OBJC_ISA_USAGE = YES_ERROR;
				CLANG_WARN_DOCUMENTATION_COMMENTS = YES;
				CLANG_WARN_EMPTY_BODY = YES;
				CLANG_WARN_ENUM_CONVERSION = YES;
				CLANG_WARN_INFINITE_RECURSION = YES;
				CLANG_WARN_INT_CONVERSION = YES;
				CLANG_WARN_NON_LITERAL_NULL_CONVERSION = YES;
				CLANG_WARN_OBJC_IMPLICIT_RETAIN_SELF = YES;
				CLANG_WARN_OBJC_LITERAL_CONVERSION = YES;
				CLANG_WARN_OBJC_ROOT_CLASS = YES_ERROR;
				CLANG_WARN_QUOTED_INCLUDE_IN_FRAMEWORK_HEADER = YES;
				CLANG_WARN_RANGE_LOOP_ANALYSIS = YES;
				CLANG_WARN_STRICT_PROTOTYPES = YES;
				CLANG_WARN_SUSPICIOUS_MOVE = YES;
				CLANG_WARN_UNGUARDED_AVAILABILITY = YES_AGGRESSIVE;
				CLANG_WARN_UNREACHABLE_CODE = YES;
				CLANG_WARN__DUPLICATE_METHOD_MATCH = YES;
				COPY_PHASE_STRIP = NO;
				DEBUG_INFORMATION_FORMAT = dwarf;
				ENABLE_STRICT_OBJC_MSGSEND = YES;
				ENABLE_TESTABILITY = YES;
				ENABLE_USER_SCRIPT_SANDBOXING = YES;
				GCC_C_LANGUAGE_STANDARD = gnu17;
				GCC_DYNAMIC_NO_PIC = NO;
				GCC_NO_COMMON_BLOCKS = YES;
				GCC_OPTIMIZATION_LEVEL = 0;
				GCC_PREPROCESSOR_DEFINITIONS = (
					"DEBUG=1",
					"$(inherited)",
				);
				GCC_WARN_64_TO_32_BIT_CONVERSION = YES;
				GCC_WARN_ABOUT_RETURN_TYPE = YES_ERROR;
				GCC_WARN_UNDECLARED_SELECTOR = YES;
				GCC_WARN_UNINITIALIZED_AUTOS = YES_AGGRESSIVE;
				GCC_WARN_UNUSED_FUNCTION = YES;
				GCC_WARN_UNUSED_VARIABLE = YES;
				IPHONEOS_DEPLOYMENT_TARGET = 26.0;
				LOCALIZATION_PREFERS_STRING_CATALOGS = YES;
				MTL_ENABLE_DEBUG_INFO = INCLUDE_SOURCE;
				MTL_FAST_MATH = YES;
				ONLY_ACTIVE_ARCH = YES;
				SDKROOT = iphoneos;
				SWIFT_ACTIVE_COMPILATION_CONDITIONS = "DEBUG $(inherited)";
				SWIFT_OPTIMIZATION_LEVEL = "-Onone";
			};
			name = Debug;
		};
		F8EB85512E7E798D006A0972 /* Release */ = {
			isa = XCBuildConfiguration;
			buildSettings = {
				ALWAYS_SEARCH_USER_PATHS = NO;
				ASSETCATALOG_COMPILER_GENERATE_SWIFT_ASSET_SYMBOL_EXTENSIONS = YES;
				CLANG_ANALYZER_NONNULL = YES;
				CLANG_ANALYZER_NUMBER_OBJECT_CONVERSION = YES_AGGRESSIVE;
				CLANG_CXX_LANGUAGE_STANDARD = "gnu++20";
				CLANG_ENABLE_MODULES = YES;
				CLANG_ENABLE_OBJC_ARC = YES;
				CLANG_ENABLE_OBJC_WEAK = YES;
				CLANG_WARN_BLOCK_CAPTURE_AUTORELEASING = YES;
				CLANG_WARN_BOOL_CONVERSION = YES;
				CLANG_WARN_COMMA = YES;
				CLANG_WARN_CONSTANT_CONVERSION = YES;
				CLANG_WARN_DEPRECATED_OBJC_IMPLEMENTATIONS = YES;
				CLANG_WARN_DIRECT_OBJC_ISA_USAGE = YES_ERROR;
				CLANG_WARN_DOCUMENTATION_COMMENTS = YES;
				CLANG_WARN_EMPTY_BODY = YES;
				CLANG_WARN_ENUM_CONVERSION = YES;
				CLANG_WARN_INFINITE_RECURSION = YES;
				CLANG_WARN_INT_CONVERSION = YES;
				CLANG_WARN_NON_LITERAL_NULL_CONVERSION = YES;
				CLANG_WARN_OBJC_IMPLICIT_RETAIN_SELF = YES;
				CLANG_WARN_OBJC_LITERAL_CONVERSION = YES;
				CLANG_WARN_OBJC_ROOT_CLASS = YES_ERROR;
				CLANG_WARN_QUOTED_INCLUDE_IN_FRAMEWORK_HEADER = YES;
				CLANG_WARN_RANGE_LOOP_ANALYSIS = YES;
				CLANG_WARN_STRICT_PROTOTYPES = YES;
				CLANG_WARN_SUSPICIOUS_MOVE = YES;
				CLANG_WARN_UNGUARDED_AVAILABILITY = YES_AGGRESSIVE;
				CLANG_WARN_UNREACHABLE_CODE = YES;
				CLANG_WARN__DUPLICATE_METHOD_MATCH = YES;
				COPY_PHASE_STRIP = NO;
				DEBUG_INFORMATION_FORMAT = "dwarf-with-dsym";
				ENABLE_NS_ASSERTIONS = NO;
				ENABLE_STRICT_OBJC_MSGSEND = YES;
				ENABLE_USER_SCRIPT_SANDBOXING = YES;
				GCC_C_LANGUAGE_STANDARD = gnu17;
				GCC_NO_COMMON_BLOCKS = YES;
				GCC_WARN_64_TO_32_BIT_CONVERSION = YES;
				GCC_WARN_ABOUT_RETURN_TYPE = YES_ERROR;
				GCC_WARN_UNDECLARED_SELECTOR = YES;
				GCC_WARN_UNINITIALIZED_AUTOS = YES_AGGRESSIVE;
				GCC_WARN_UNUSED_FUNCTION = YES;
				GCC_WARN_UNUSED_VARIABLE = YES;
				IPHONEOS_DEPLOYMENT_TARGET = 26.0;
				LOCALIZATION_PREFERS_STRING_CATALOGS = YES;
				MTL_ENABLE_DEBUG_INFO = NO;
				MTL_FAST_MATH = YES;
				SDKROOT = iphoneos;
				SWIFT_COMPILATION_MODE = wholemodule;
				VALIDATE_PRODUCT = YES;
			};
			name = Release;
		};
		F8EB85532E7E798D006A0972 /* Debug */ = {
			isa = XCBuildConfiguration;
			buildSettings = {
				ASSETCATALOG_COMPILER_APPICON_NAME = AppIcon;
				ASSETCATALOG_COMPILER_GLOBAL_ACCENT_COLOR_NAME = AccentColor;
				CODE_SIGN_STYLE = Automatic;
				CURRENT_PROJECT_VERSION = 1;
				DEVELOPMENT_TEAM = BK4N8N45HP;
				ENABLE_PREVIEWS = YES;
				GENERATE_INFOPLIST_FILE = YES;
				INFOPLIST_KEY_UIApplicationSceneManifest_Generation = YES;
				INFOPLIST_KEY_UIApplicationSupportsIndirectInputEvents = YES;
				INFOPLIST_KEY_UILaunchScreen_Generation = YES;
				INFOPLIST_KEY_UISupportedInterfaceOrientations_iPad = "UIInterfaceOrientationPortrait UIInterfaceOrientationPortraitUpsideDown UIInterfaceOrientationLandscapeLeft UIInterfaceOrientationLandscapeRight";
				INFOPLIST_KEY_UISupportedInterfaceOrientations_iPhone = "UIInterfaceOrientationPortrait UIInterfaceOrientationLandscapeLeft UIInterfaceOrientationLandscapeRight";
				LD_RUNPATH_SEARCH_PATHS = (
					"$(inherited)",
					"@executable_path/Frameworks",
				);
				MARKETING_VERSION = 1.0;
				PRODUCT_BUNDLE_IDENTIFIER = com.pennapps.YourHome;
				PRODUCT_NAME = "$(TARGET_NAME)";
				STRING_CATALOG_GENERATE_SYMBOLS = YES;
				SWIFT_APPROACHABLE_CONCURRENCY = YES;
				SWIFT_DEFAULT_ACTOR_ISOLATION = MainActor;
				SWIFT_EMIT_LOC_STRINGS = YES;
				SWIFT_UPCOMING_FEATURE_MEMBER_IMPORT_VISIBILITY = YES;
				SWIFT_VERSION = 5.0;
				TARGETED_DEVICE_FAMILY = "1,2";
			};
			name = Debug;
		};
		F8EB85542E7E798D006A0972 /* Release */ = {
			isa = XCBuildConfiguration;
			buildSettings = {
				ASSETCATALOG_COMPILER_APPICON_NAME = AppIcon;
				ASSETCATALOG_COMPILER_GLOBAL_ACCENT_COLOR_NAME = AccentColor;
				CODE_SIGN_STYLE = Automatic;
				CURRENT_PROJECT_VERSION = 1;
				DEVELOPMENT_TEAM = BK4N8N45HP;
				ENABLE_PREVIEWS = YES;
				GENERATE_INFOPLIST_FILE = YES;
				INFOPLIST_KEY_UIApplicationSceneManifest_Generation = YES;
				INFOPLIST_KEY_UIApplicationSupportsIndirectInputEvents = YES;
				INFOPLIST_KEY_UILaunchScreen_Generation = YES;
				INFOPLIST_KEY_UISupportedInterfaceOrientations_iPad = "UIInterfaceOrientationPortrait UIInterfaceOrientationPortraitUpsideDown UIInterfaceOrientationLandscapeLeft UIInterfaceOrientationLandscapeRight";
				INFOPLIST_KEY_UISupportedInterfaceOrientations_iPhone = "UIInterfaceOrientationPortrait UIInterfaceOrientationLandscapeLeft UIInterfaceOrientationLandscapeRight";
				LD_RUNPATH_SEARCH_PATHS = (
					"$(inherited)",
					"@executable_path/Frameworks",
				);
				MARKETING_VERSION = 1.0;
				PRODUCT_BUNDLE_IDENTIFIER = com.pennapps.YourHome;
				PRODUCT_NAME = "$(TARGET_NAME)";
				STRING_CATALOG_GENERATE_SYMBOLS = YES;
				SWIFT_APPROACHABLE_CONCURRENCY = YES;
				SWIFT_DEFAULT_ACTOR_ISOLATION = MainActor;
				SWIFT_EMIT_LOC_STRINGS = YES;
				SWIFT_UPCOMING_FEATURE_MEMBER_IMPORT_VISIBILITY = YES;
				SWIFT_VERSION = 5.0;
				TARGETED_DEVICE_FAMILY = "1,2";
			};
			name = Release;
		};
		F8EB85562E7E798D006A0972 /* Debug */ = {
			isa = XCBuildConfiguration;
			buildSettings = {
				BUNDLE_LOADER = "$(TEST_HOST)";
				CODE_SIGN_STYLE = Automatic;
				CURRENT_PROJECT_VERSION = 1;
				GENERATE_INFOPLIST_FILE = YES;
				IPHONEOS_DEPLOYMENT_TARGET = 26.0;
				MARKETING_VERSION = 1.0;
				PRODUCT_BUNDLE_IDENTIFIER = com.pennapps.YourHomeTests;
				PRODUCT_NAME = "$(TARGET_NAME)";
				STRING_CATALOG_GENERATE_SYMBOLS = NO;
				SWIFT_APPROACHABLE_CONCURRENCY = YES;
				SWIFT_EMIT_LOC_STRINGS = NO;
				SWIFT_UPCOMING_FEATURE_MEMBER_IMPORT_VISIBILITY = YES;
				SWIFT_VERSION = 5.0;
				TARGETED_DEVICE_FAMILY = "1,2";
				TEST_HOST = "$(BUILT_PRODUCTS_DIR)/YourHome.app/$(BUNDLE_EXECUTABLE_FOLDER_PATH)/YourHome";
			};
			name = Debug;
		};
		F8EB85572E7E798D006A0972 /* Release */ = {
			isa = XCBuildConfiguration;
			buildSettings = {
				BUNDLE_LOADER = "$(TEST_HOST)";
				CODE_SIGN_STYLE = Automatic;
				CURRENT_PROJECT_VERSION = 1;
				GENERATE_INFOPLIST_FILE = YES;
				IPHONEOS_DEPLOYMENT_TARGET = 26.0;
				MARKETING_VERSION = 1.0;
				PRODUCT_BUNDLE_IDENTIFIER = com.pennapps.YourHomeTests;
				PRODUCT_NAME = "$(TARGET_NAME)";
				STRING_CATALOG_GENERATE_SYMBOLS = NO;
				SWIFT_APPROACHABLE_CONCURRENCY = YES;
				SWIFT_EMIT_LOC_STRINGS = NO;
				SWIFT_UPCOMING_FEATURE_MEMBER_IMPORT_VISIBILITY = YES;
				SWIFT_VERSION = 5.0;
				TARGETED_DEVICE_FAMILY = "1,2";
				TEST_HOST = "$(BUILT_PRODUCTS_DIR)/YourHome.app/$(BUNDLE_EXECUTABLE_FOLDER_PATH)/YourHome";
			};
			name = Release;
		};
		F8EB85592E7E798D006A0972 /* Debug */ = {
			isa = XCBuildConfiguration;
			buildSettings = {
				CODE_SIGN_STYLE = Automatic;
				CURRENT_PROJECT_VERSION = 1;
				GENERATE_INFOPLIST_FILE = YES;
				MARKETING_VERSION = 1.0;
				PRODUCT_BUNDLE_IDENTIFIER = com.pennapps.YourHomeUITests;
				PRODUCT_NAME = "$(TARGET_NAME)";
				STRING_CATALOG_GENERATE_SYMBOLS = NO;
				SWIFT_APPROACHABLE_CONCURRENCY = YES;
				SWIFT_EMIT_LOC_STRINGS = NO;
				SWIFT_UPCOMING_FEATURE_MEMBER_IMPORT_VISIBILITY = YES;
				SWIFT_VERSION = 5.0;
				TARGETED_DEVICE_FAMILY = "1,2";
				TEST_TARGET_NAME = YourHome;
			};
			name = Debug;
		};
		F8EB855A2E7E798D006A0972 /* Release */ = {
			isa = XCBuildConfiguration;
			buildSettings = {
				CODE_SIGN_STYLE = Automatic;
				CURRENT_PROJECT_VERSION = 1;
				GENERATE_INFOPLIST_FILE = YES;
				MARKETING_VERSION = 1.0;
				PRODUCT_BUNDLE_IDENTIFIER = com.pennapps.YourHomeUITests;
				PRODUCT_NAME = "$(TARGET_NAME)";
				STRING_CATALOG_GENERATE_SYMBOLS = NO;
				SWIFT_APPROACHABLE_CONCURRENCY = YES;
				SWIFT_EMIT_LOC_STRINGS = NO;
				SWIFT_UPCOMING_FEATURE_MEMBER_IMPORT_VISIBILITY = YES;
				SWIFT_VERSION = 5.0;
				TARGETED_DEVICE_FAMILY = "1,2";
				TEST_TARGET_NAME = YourHome;
			};
			name = Release;
		};
/* End XCBuildConfiguration section */

/* Begin XCConfigurationList section */
		F8EB852C2E7E798B006A0972 /* Build configuration list for PBXProject "YourHome" */ = {
			isa = XCConfigurationList;
			buildConfigurations = (
				F8EB85502E7E798D006A0972 /* Debug */,
				F8EB85512E7E798D006A0972 /* Release */,
			);
			defaultConfigurationIsVisible = 0;
			defaultConfigurationName = Release;
		};
		F8EB85522E7E798D006A0972 /* Build configuration list for PBXNativeTarget "YourHome" */ = {
			isa = XCConfigurationList;
			buildConfigurations = (
				F8EB85532E7E798D006A0972 /* Debug */,
				F8EB85542E7E798D006A0972 /* Release */,
			);
			defaultConfigurationIsVisible = 0;
			defaultConfigurationName = Release;
		};
		F8EB85552E7E798D006A0972 /* Build configuration list for PBXNativeTarget "YourHomeTests" */ = {
			isa = XCConfigurationList;
			buildConfigurations = (
				F8EB85562E7E798D006A0972 /* Debug */,
				F8EB85572E7E798D006A0972 /* Release */,
			);
			defaultConfigurationIsVisible = 0;
			defaultConfigurationName = Release;
		};
		F8EB85582E7E798D006A0972 /* Build configuration list for PBXNativeTarget "YourHomeUITests" */ = {
			isa = XCConfigurationList;
			buildConfigurations = (
				F8EB85592E7E798D006A0972 /* Debug */,
				F8EB855A2E7E798D006A0972 /* Release */,
			);
			defaultConfigurationIsVisible = 0;
			defaultConfigurationName = Release;
		};
/* End XCConfigurationList section */

/* Begin XCRemoteSwiftPackageReference section */
		F8EB856F2E7F1D58006A0972 /* XCRemoteSwiftPackageReference "Kingfisher" */ = {
			isa = XCRemoteSwiftPackageReference;
			repositoryURL = "https://github.com/onevcat/Kingfisher.git";
			requirement = {
				kind = upToNextMajorVersion;
				minimumVersion = 8.5.0;
			};
		};
/* End XCRemoteSwiftPackageReference section */

/* Begin XCSwiftPackageProductDependency section */
		F8EB85712E7F1E94006A0972 /* Kingfisher */ = {
			isa = XCSwiftPackageProductDependency;
			package = F8EB856F2E7F1D58006A0972 /* XCRemoteSwiftPackageReference "Kingfisher" */;
			productName = Kingfisher;
		};
/* End XCSwiftPackageProductDependency section */
	};
	rootObject = F8EB85292E7E798B006A0972 /* Project object */;
}
